
Microsoft Visual Studio Solution File, Format Version 12.00
# Visual Studio Version 17
VisualStudioVersion = 17.4.33213.308
MinimumVisualStudioVersion = 10.0.40219.1
Project("{9A19103F-16F7-4668-BE54-9A1E7A4F7556}") = "WinFormsWPF", "WinFormsWPF.csproj", "{90B159EF-FD97-4428-A193-3BB36F8B5939}"
EndProject
Global
	GlobalSection(SolutionConfigurationPlatforms) = preSolution
		Debug|Any CPU = Debug|Any CPU
		Release|Any CPU = Release|Any CPU
	EndGlobalSection
	GlobalSection(ProjectConfigurationPlatforms) = postSolution
		{90B159EF-FD97-4428-A193-3BB36F8B5939}.Debug|Any CPU.ActiveCfg = Debug|Any CPU
		{90B159EF-FD97-4428-A193-3BB36F8B5939}.Debug|Any CPU.Build.0 = Debug|Any CPU
		{90B159EF-FD97-4428-A193-3BB36F8B5939}.Release|Any CPU.ActiveCfg = Release|Any CPU
		{90B159EF-FD97-4428-A193-3BB36F8B5939}.Release|Any CPU.Build.0 = Release|Any CPU
	EndGlobalSection
	GlobalSection(SolutionProperties) = preSolution
		HideSolutionNode = FALSE
	EndGlobalSection
	GlobalSection(ExtensibilityGlobals) = postSolution
		SolutionGuid = {D26A5FC4-024E-424C-B4A7-4F84D5A45BC6}
	EndGlobalSection
EndGlobal
